hash: d7e3620c5e6f108d2a4d1556c27235f48c2baa9821c48ac517c5ea5a9da9860d
updated: 2017-06-02T19:19:37.801393699+04:30
imports:
- name: github.com/gorilla/context
  version: 08b5f424b9271eedf6f9f0ce86cb9396ed337a42
- name: github.com/gorilla/mux
  version: bcd8bc72b08df0f70df986b97f95590779502d31
testImports: []
